
Microsoft Visual Studio Solution File, Format Version 12.00
# Visual Studio Version 16
VisualStudioVersion = 16.0.29509.3
MinimumVisualStudioVersion = 10.0.40219.1
Project("{FAE04EC0-301F-11D3-BF4B-00C04F79EFBC}") = "ScaffoldDatabaseGenerated", "ScaffoldDatabaseGenerated.csproj", "{A9CA100B-8FB2-432B-B0AF-05E4B5A3E83B}"
EndProject
Global
	GlobalSection(SolutionConfigurationPlatforms) = preSolution
		Debug|Any CPU = Debug|Any CPU
		Release|Any CPU = Release|Any CPU
	EndGlobalSection
	GlobalSection(ProjectConfigurationPlatforms) = postSolution
		{A9CA100B-8FB2-432B-B0AF-05E4B5A3E83B}.Debug|Any CPU.ActiveCfg = Debug|Any CPU
		{A9CA100B-8FB2-432B-B0AF-05E4B5A3E83B}.Debug|Any CPU.Build.0 = Debug|Any CPU
		{A9CA100B-8FB2-432B-B0AF-05E4B5A3E83B}.Release|Any CPU.ActiveCfg = Release|Any CPU
		{A9CA100B-8FB2-432B-B0AF-05E4B5A3E83B}.Release|Any CPU.Build.0 = Release|Any CPU
	EndGlobalSection
	GlobalSection(SolutionProperties) = preSolution
		HideSolutionNode = FALSE
	EndGlobalSection
	GlobalSection(ExtensibilityGlobals) = postSolution
		SolutionGuid = {DD30E262-28D3-4D81-AF26-4B86DBB853D1}
	EndGlobalSection
EndGlobal
